// !$*UTF8*$!
{
	archiveVersion = 1;
	classes = {
	};
	objectVersion = 50;
	objects = {

/* Begin PBXBuildFile section */
		6958869F24C7DB2E005D517B /* AppDelegate.swift in Sources */ = {isa = PBXBuildFile; fileRef = 6958869E24C7DB2E005D517B /* AppDelegate.swift */; };
		695886A124C7DB2E005D517B /* SceneDelegate.swift in Sources */ = {isa = PBXBuildFile; fileRef = 695886A024C7DB2E005D517B /* SceneDelegate.swift */; };
		695886A324C7DB2E005D517B /* ViewController.swift in Sources */ = {isa = PBXBuildFile; fileRef = 695886A224C7DB2E005D517B /* ViewController.swift */; };
		695886A624C7DB2E005D517B /* Main.storyboard in Resources */ = {isa = PBXBuildFile; fileRef = 695886A424C7DB2E005D517B /* Main.storyboard */; };
		695886A824C7DB2F005D517B /* Assets.xcassets in Resources */ = {isa = PBXBuildFile; fileRef = 695886A724C7DB2F005D517B /* Assets.xcassets */; };
		695886AB24C7DB2F005D517B /* LaunchScreen.storyboard in Resources */ = {isa = PBXBuildFile; fileRef = 695886A924C7DB2F005D517B /* LaunchScreen.storyboard */; };
		695886B624C7DB2F005D517B /* tipTests.swift in Sources */ = {isa = PBXBuildFile; fileRef = 695886B524C7DB2F005D517B /* tipTests.swift */; };
		695886C124C7DB2F005D517B /* tipUITests.swift in Sources */ = {isa = PBXBuildFile; fileRef = 695886C024C7DB2F005D517B /* tipUITests.swift */; };
/* End PBXBuildFile section */

/* Begin PBXContainerItemProxy section */
		695886B224C7DB2F005D517B /* PBXContainerItemProxy */ = {
			isa = PBXContainerItemProxy;
			containerPortal = 6958869324C7DB2E005D517B /* Project object */;
			proxyType = 1;
			remoteGlobalIDString = 6958869A24C7DB2E005D517B;
			remoteInfo = tip;
		};
		695886BD24C7DB2F005D517B /* PBXContainerItemProxy */ = {
			isa = PBXContainerItemProxy;
			containerPortal = 6958869324C7DB2E005D517B /* Project object */;
			proxyType = 1;
			remoteGlobalIDString = 6958869A24C7DB2E005D517B;
			remoteInfo = tip;
		};
/* End PBXContainerItemProxy section */

/* Begin PBXFileReference section */
		6958869B24C7DB2E005D517B /* tip.app */ = {isa = PBXFileReference; explicitFileType = wrapper.application; includeInIndex = 0; path = tip.app; sourceTree = BUILT_PRODUCTS_DIR; };
		6958869E24C7DB2E005D517B /* AppDelegate.swift */ = {isa = PBXFileReference; lastKnownFileType = sourcecode.swift; path = AppDelegate.swift; sourceTree = "<group>"; };
		695886A024C7DB2E005D517B /* SceneDelegate.swift */ = {isa = PBXFileReference; lastKnownFileType = sourcecode.swift; path = SceneDelegate.swift; sourceTree = "<group>"; };
		695886A224C7DB2E005D517B /* ViewController.swift */ = {isa = PBXFileReference; lastKnownFileType = sourcecode.swift; path = ViewController.swift; sourceTree = "<group>"; };
		695886A524C7DB2E005D517B /* Base */ = {isa = PBXFileReference; lastKnownFileType = file.storyboard; name = Base; path = Base.lproj/Main.storyboard; sourceTree = "<group>"; };
		695886A724C7DB2F005D517B /* Assets.xcassets */ = {isa = PBXFileReference; lastKnownFileType = folder.assetcatalog; path = Assets.xcassets; sourceTree = "<group>"; };
		695886AA24C7DB2F005D517B /* Base */ = {isa = PBXFileReference; lastKnownFileType = file.storyboard; name = Base; path = Base.lproj/LaunchScreen.storyboard; sourceTree = "<group>"; };
		695886AC24C7DB2F005D517B /* Info.plist */ = {isa = PBXFileReference; lastKnownFileType = text.plist.xml; path = Info.plist; sourceTree = "<group>"; };
		695886B124C7DB2F005D517B /* tipTests.xctest */ = {isa = PBXFileReference; explicitFileType = wrapper.cfbundle; includeInIndex = 0; path = tipTests.xctest; sourceTree = BUILT_PRODUCTS_DIR; };
		695886B524C7DB2F005D517B /* tipTests.swift */ = {isa = PBXFileReference; lastKnownFileType = sourcecode.swift; path = tipTests.swift; sourceTree = "<group>"; };
		695886B724C7DB2F005D517B /* Info.plist */ = {isa = PBXFileReference; lastKnownFileType = text.plist.xml; path = Info.plist; sourceTree = "<group>"; };
		695886BC24C7DB2F005D517B /* tipUITests.xctest */ = {isa = PBXFileReference; explicitFileType = wrapper.cfbundle; includeInIndex = 0; path = tipUITests.xctest; sourceTree = BUILT_PRODUCTS_DIR; };
		695886C024C7DB2F005D517B /* tipUITests.swift */ = {isa = PBXFileReference; lastKnownFileType = sourcecode.swift; path = tipUITests.swift; sourceTree = "<group>"; };
		695886C224C7DB2F005D517B /* Info.plist */ = {isa = PBXFileReference; lastKnownFileType = text.plist.xml; path = Info.plist; sourceTree = "<group>"; };
/* End PBXFileReference section */

/* Begin PBXFrameworksBuildPhase section */
		6958869824C7DB2E005D517B /* Frameworks */ = {
			isa = PBXFrameworksBuildPhase;
			buildActionMask = 2147483647;
			files = (
			);
			runOnlyForDeploymentPostprocessing = 0;
		};
		695886AE24C7DB2F005D517B /* Frameworks */ = {
			isa = PBXFrameworksBuildPhase;
			buildActionMask = 2147483647;
			files = (
			);
			runOnlyForDeploymentPostprocessing = 0;
		};
		695886B924C7DB2F005D517B /* Frameworks */ = {
			isa = PBXFrameworksBuildPhase;
			buildActionMask = 2147483647;
			files = (
			);
			runOnlyForDeploymentPostprocessing = 0;
		};
/* End PBXFrameworksBuildPhase section */

/* Begin PBXGroup section */
		6958869224C7DB2E005D517B = {
			isa = PBXGroup;
			children = (
				6958869D24C7DB2E005D517B /* tip */,
				695886B424C7DB2F005D517B /* tipTests */,
				695886BF24C7DB2F005D517B /* tipUITests */,
				6958869C24C7DB2E005D517B /* Products */,
			);
			sourceTree = "<group>";
		};
		6958869C24C7DB2E005D517B /* Products */ = {
			isa = PBXGroup;
			children = (
				6958869B24C7DB2E005D517B /* tip.app */,
				695886B124C7DB2F005D517B /* tipTests.xctest */,
				695886BC24C7DB2F005D517B /* tipUITests.xctest */,
			);
			name = Products;
			sourceTree = "<group>";
		};
		6958869D24C7DB2E005D517B /* tip */ = {
			isa = PBXGroup;
			children = (
				6958869E24C7DB2E005D517B /* AppDelegate.swift */,
				695886A024C7DB2E005D517B /* SceneDelegate.swift */,
				695886A224C7DB2E005D517B /* ViewController.swift */,
				695886A424C7DB2E005D517B /* Main.storyboard */,
				695886A724C7DB2F005D517B /* Assets.xcassets */,
				695886A924C7DB2F005D517B /* LaunchScreen.storyboard */,
				695886AC24C7DB2F005D517B /* Info.plist */,
			);
			path = tip;
			sourceTree = "<group>";
		};
		695886B424C7DB2F005D517B /* tipTests */ = {
			isa = PBXGroup;
			children = (
				695886B524C7DB2F005D517B /* tipTests.swift */,
				695886B724C7DB2F005D517B /* Info.plist */,
			);
			path = tipTests;
			sourceTree = "<group>";
		};
		695886BF24C7DB2F005D517B /* tipUITests */ = {
			isa = PBXGroup;
			children = (
				695886C024C7DB2F005D517B /* tipUITests.swift */,
				695886C224C7DB2F005D517B /* Info.plist */,
			);
			path = tipUITests;
			sourceTree = "<group>";
		};
/* End PBXGroup section */

/* Begin PBXNativeTarget section */
		6958869A24C7DB2E005D517B /* tip */ = {
			isa = PBXNativeTarget;
			buildConfigurationList = 695886C524C7DB2F005D517B /* Build configuration list for PBXNativeTarget "tip" */;
			buildPhases = (
				6958869724C7DB2E005D517B /* Sources */,
				6958869824C7DB2E005D517B /* Frameworks */,
				6958869924C7DB2E005D517B /* Resources */,
			);
			buildRules = (
			);
			dependencies = (
			);
			name = tip;
			productName = tip;
			productReference = 6958869B24C7DB2E005D517B /* tip.app */;
			productType = "com.apple.product-type.application";
		};
		695886B024C7DB2F005D517B /* tipTests */ = {
			isa = PBXNativeTarget;
			buildConfigurationList = 695886C824C7DB2F005D517B /* Build configuration list for PBXNativeTarget "tipTests" */;
			buildPhases = (
				695886AD24C7DB2F005D517B /* Sources */,
				695886AE24C7DB2F005D517B /* Frameworks */,
				695886AF24C7DB2F005D517B /* Resources */,
			);
			buildRules = (
			);
			dependencies = (
				695886B324C7DB2F005D517B /* PBXTargetDependency */,
			);
			name = tipTests;
			productName = tipTests;
			productReference = 695886B124C7DB2F005D517B /* tipTests.xctest */;
			productType = "com.apple.product-type.bundle.unit-test";
		};
		695886BB24C7DB2F005D517B /* tipUITests */ = {
			isa = PBXNativeTarget;
			buildConfigurationList = 695886CB24C7DB2F005D517B /* Build configuration list for PBXNativeTarget "tipUITests" */;
			buildPhases = (
				695886B824C7DB2F005D517B /* Sources */,
				695886B924C7DB2F005D517B /* Frameworks */,
				695886BA24C7DB2F005D517B /* Resources */,
			);
			buildRules = (
			);
			dependencies = (
				695886BE24C7DB2F005D517B /* PBXTargetDependency */,
			);
			name = tipUITests;
			productName = tipUITests;
			productReference = 695886BC24C7DB2F005D517B /* tipUITests.xctest */;
			productType = "com.apple.product-type.bundle.ui-testing";
		};
/* End PBXNativeTarget section */

/* Begin PBXProject section */
		6958869324C7DB2E005D517B /* Project object */ = {
			isa = PBXProject;
			attributes = {
				LastSwiftUpdateCheck = 1160;
				LastUpgradeCheck = 1160;
				ORGANIZATIONNAME = Codepath;
				TargetAttributes = {
					6958869A24C7DB2E005D517B = {
						CreatedOnToolsVersion = 11.6;
					};
					695886B024C7DB2F005D517B = {
						CreatedOnToolsVersion = 11.6;
						TestTargetID = 6958869A24C7DB2E005D517B;
					};
					695886BB24C7DB2F005D517B = {
						CreatedOnToolsVersion = 11.6;
						TestTargetID = 6958869A24C7DB2E005D517B;
					};
				};
			};
			buildConfigurationList = 6958869624C7DB2E005D517B /* Build configuration list for PBXProject "tip" */;
			compatibilityVersion = "Xcode 9.3";
			developmentRegion = en;
			hasScannedForEncodings = 0;
			knownRegions = (
				en,
				Base,
			);
			mainGroup = 6958869224C7DB2E005D517B;
			productRefGroup = 6958869C24C7DB2E005D517B /* Products */;
			projectDirPath = "";
			projectRoot = "";
			targets = (
				6958869A24C7DB2E005D517B /* tip */,
				695886B024C7DB2F005D517B /* tipTests */,
				695886BB24C7DB2F005D517B /* tipUITests */,
			);
		};
/* End PBXProject section */

/* Begin PBXResourcesBuildPhase section */
		6958869924C7DB2E005D517B /* Resources */ = {
			isa = PBXResourcesBuildPhase;
			buildActionMask = 2147483647;
			files = (
				695886AB24C7DB2F005D517B /* LaunchScreen.storyboard in Resources */,
				695886A824C7DB2F005D517B /* Assets.xcassets in Resources */,
				695886A624C7DB2E005D517B /* Main.storyboard in Resources */,
			);
			runOnlyForDeploymentPostprocessing = 0;
		};
		695886AF24C7DB2F005D517B /* Resources */ = {
			isa = PBXResourcesBuildPhase;
			buildActionMask = 2147483647;
			files = (
			);
			runOnlyForDeploymentPostprocessing = 0;
		};
		695886BA24C7DB2F005D517B /* Resources */ = {
			isa = PBXResourcesBuildPhase;
			buildActionMask = 2147483647;
			files = (
			);
			runOnlyForDeploymentPostprocessing = 0;
		};
/* End PBXResourcesBuildPhase section */

/* Begin PBXSourcesBuildPhase section */
		6958869724C7DB2E005D517B /* Sources */ = {
			isa = PBXSourcesBuildPhase;
			buildActionMask = 2147483647;
			files = (
				695886A324C7DB2E005D517B /* ViewController.swift in Sources */,
				6958869F24C7DB2E005D517B /* AppDelegate.swift in Sources */,
				695886A124C7DB2E005D517B /* SceneDelegate.swift in Sources */,
			);
			runOnlyForDeploymentPostprocessing = 0;
		};
		695886AD24C7DB2F005D517B /* Sources */ = {
			isa = PBXSourcesBuildPhase;
			buildActionMask = 2147483647;
			files = (
				695886B624C7DB2F005D517B /* tipTests.swift in Sources */,
			);
			runOnlyForDeploymentPostprocessing = 0;
		};
		695886B824C7DB2F005D517B /* Sources */ = {
			isa = PBXSourcesBuildPhase;
			buildActionMask = 2147483647;
			files = (
				695886C124C7DB2F005D517B /* tipUITests.swift in Sources */,
			);
			runOnlyForDeploymentPostprocessing = 0;
		};
/* End PBXSourcesBuildPhase section */

/* Begin PBXTargetDependency section */
		695886B324C7DB2F005D517B /* PBXTargetDependency */ = {
			isa = PBXTargetDependency;
			target = 6958869A24C7DB2E005D517B /* tip */;
			targetProxy = 695886B224C7DB2F005D517B /* PBXContainerItemProxy */;
		};
		695886BE24C7DB2F005D517B /* PBXTargetDependency */ = {
			isa = PBXTargetDependency;
			target = 6958869A24C7DB2E005D517B /* tip */;
			targetProxy = 695886BD24C7DB2F005D517B /* PBXContainerItemProxy */;
		};
/* End PBXTargetDependency section */

/* Begin PBXVariantGroup section */
		695886A424C7DB2E005D517B /* Main.storyboard */ = {
			isa = PBXVariantGroup;
			children = (
				695886A524C7DB2E005D517B /* Base */,
			);
			name = Main.storyboard;
			sourceTree = "<group>";
		};
		695886A924C7DB2F005D517B /* LaunchScreen.storyboard */ = {
			isa = PBXVariantGroup;
			children = (
				695886AA24C7DB2F005D517B /* Base */,
			);
			name = LaunchScreen.storyboard;
			sourceTree = "<group>";
		};
/* End PBXVariantGroup section */

/* Begin XCBuildConfiguration section */
		695886C324C7DB2F005D517B /* Debug */ = {
			isa = XCBuildConfiguration;
			buildSettings = {
				ALWAYS_SEARCH_USER_PATHS = NO;
				CLANG_ANALYZER_NONNULL = YES;
				CLANG_ANALYZER_NUMBER_OBJECT_CONVERSION = YES_AGGRESSIVE;
				CLANG_CXX_LANGUAGE_STANDARD = "gnu++14";
				CLANG_CXX_LIBRARY = "libc++";
				CLANG_ENABLE_MODULES = YES;
				CLANG_ENABLE_OBJC_ARC = YES;
				CLANG_ENABLE_OBJC_WEAK = YES;
				CLANG_WARN_BLOCK_CAPTURE_AUTORELEASING = YES;
				CLANG_WARN_BOOL_CONVERSION = YES;
				CLANG_WARN_COMMA = YES;
				CLANG_WARN_CONSTANT_CONVERSION = YES;
				CLANG_WARN_DEPRECATED_OBJC_IMPLEMENTATIONS = YES;
				CLANG_WARN_DIRECT_OBJC_ISA_USAGE = YES_ERROR;
				CLANG_WARN_DOCUMENTATION_COMMENTS = YES;
				CLANG_WARN_EMPTY_BODY = YES;
				CLANG_WARN_ENUM_CONVERSION = YES;
				CLANG_WARN_INFINITE_RECURSION = YES;
				CLANG_WARN_INT_CONVERSION = YES;
				CLANG_WARN_NON_LITERAL_NULL_CONVERSION = YES;
				CLANG_WARN_OBJC_IMPLICIT_RETAIN_SELF = YES;
				CLANG_WARN_OBJC_LITERAL_CONVERSION = YES;
				CLANG_WARN_OBJC_ROOT_CLASS = YES_ERROR;
				CLANG_WARN_RANGE_LOOP_ANALYSIS = YES;
				CLANG_WARN_STRICT_PROTOTYPES = YES;
				CLANG_WARN_SUSPICIOUS_MOVE = YES;
				CLANG_WARN_UNGUARDED_AVAILABILITY = YES_AGGRESSIVE;
				CLANG_WARN_UNREACHABLE_CODE = YES;
				CLANG_WARN__DUPLICATE_METHOD_MATCH = YES;
				COPY_PHASE_STRIP = NO;
				DEBUG_INFORMATION_FORMAT = dwarf;
				ENABLE_STRICT_OBJC_MSGSEND = YES;
				ENABLE_TESTABILITY = YES;
				GCC_C_LANGUAGE_STANDARD = gnu11;
				GCC_DYNAMIC_NO_PIC = NO;
				GCC_NO_COMMON_BLOCKS = YES;
				GCC_OPTIMIZATION_LEVEL = 0;
				GCC_PREPROCESSOR_DEFINITIONS = (
					"DEBUG=1",
					"$(inherited)",
				);
				GCC_WARN_64_TO_32_BIT_CONVERSION = YES;
				GCC_WARN_ABOUT_RETURN_TYPE = YES_ERROR;
				GCC_WARN_UNDECLARED_SELECTOR = YES;
				GCC_WARN_UNINITIALIZED_AUTOS = YES_AGGRESSIVE;
				GCC_WARN_UNUSED_FUNCTION = YES;
				GCC_WARN_UNUSED_VARIABLE = YES;
				IPHONEOS_DEPLOYMENT_TARGET = 13.6;
				MTL_ENABLE_DEBUG_INFO = INCLUDE_SOURCE;
				MTL_FAST_MATH = YES;
				ONLY_ACTIVE_ARCH = YES;
				SDKROOT = iphoneos;
				SWIFT_ACTIVE_COMPILATION_CONDITIONS = DEBUG;
				SWIFT_OPTIMIZATION_LEVEL = "-Onone";
			};
			name = Debug;
		};
		695886C424C7DB2F005D517B /* Release */ = {
			isa = XCBuildConfiguration;
			buildSettings = {
				ALWAYS_SEARCH_USER_PATHS = NO;
				CLANG_ANALYZER_NONNULL = YES;
				CLANG_ANALYZER_NUMBER_OBJECT_CONVERSION = YES_AGGRESSIVE;
				CLANG_CXX_LANGUAGE_STANDARD = "gnu++14";
				CLANG_CXX_LIBRARY = "libc++";
				CLANG_ENABLE_MODULES = YES;
				CLANG_ENABLE_OBJC_ARC = YES;
				CLANG_ENABLE_OBJC_WEAK = YES;
				CLANG_WARN_BLOCK_CAPTURE_AUTORELEASING = YES;
				CLANG_WARN_BOOL_CONVERSION = YES;
				CLANG_WARN_COMMA = YES;
				CLANG_WARN_CONSTANT_CONVERSION = YES;
				CLANG_WARN_DEPRECATED_OBJC_IMPLEMENTATIONS = YES;
				CLANG_WARN_DIRECT_OBJC_ISA_USAGE = YES_ERROR;
				CLANG_WARN_DOCUMENTATION_COMMENTS = YES;
				CLANG_WARN_EMPTY_BODY = YES;
				CLANG_WARN_ENUM_CONVERSION = YES;
				CLANG_WARN_INFINITE_RECURSION = YES;
				CLANG_WARN_INT_CONVERSION = YES;
				CLANG_WARN_NON_LITERAL_NULL_CONVERSION = YES;
				CLANG_WARN_OBJC_IMPLICIT_RETAIN_SELF = YES;
				CLANG_WARN_OBJC_LITERAL_CONVERSION = YES;
				CLANG_WARN_OBJC_ROOT_CLASS = YES_ERROR;
				CLANG_WARN_RANGE_LOOP_ANALYSIS = YES;
				CLANG_WARN_STRICT_PROTOTYPES = YES;
				CLANG_WARN_SUSPICIOUS_MOVE = YES;
				CLANG_WARN_UNGUARDED_AVAILABILITY = YES_AGGRESSIVE;
				CLANG_WARN_UNREACHABLE_CODE = YES;
				CLANG_WARN__DUPLICATE_METHOD_MATCH = YES;
				COPY_PHASE_STRIP = NO;
				DEBUG_INFORMATION_FORMAT = "dwarf-with-dsym";
				ENABLE_NS_ASSERTIONS = NO;
				ENABLE_STRICT_OBJC_MSGSEND = YES;
				GCC_C_LANGUAGE_STANDARD = gnu11;
				GCC_NO_COMMON_BLOCKS = YES;
				GCC_WARN_64_TO_32_BIT_CONVERSION = YES;
				GCC_WARN_ABOUT_RETURN_TYPE = YES_ERROR;
				GCC_WARN_UNDECLARED_SELECTOR = YES;
				GCC_WARN_UNINITIALIZED_AUTOS = YES_AGGRESSIVE;
				GCC_WARN_UNUSED_FUNCTION = YES;
				GCC_WARN_UNUSED_VARIABLE = YES;
				IPHONEOS_DEPLOYMENT_TARGET = 13.6;
				MTL_ENABLE_DEBUG_INFO = NO;
				MTL_FAST_MATH = YES;
				SDKROOT = iphoneos;
				SWIFT_COMPILATION_MODE = wholemodule;
				SWIFT_OPTIMIZATION_LEVEL = "-O";
				VALIDATE_PRODUCT = YES;
			};
			name = Release;
		};
		695886C624C7DB2F005D517B /* Debug */ = {
			isa = XCBuildConfiguration;
			buildSettings = {
				ASSETCATALOG_COMPILER_APPICON_NAME = AppIcon;
				CODE_SIGN_STYLE = Automatic;
				INFOPLIST_FILE = tip/Info.plist;
				LD_RUNPATH_SEARCH_PATHS = (
					"$(inherited)",
					"@executable_path/Frameworks",
				);
				PRODUCT_BUNDLE_IDENTIFIER = Codepath.tip;
				PRODUCT_NAME = "$(TARGET_NAME)";
				SWIFT_VERSION = 5.0;
				TARGETED_DEVICE_FAMILY = "1,2";
			};
			name = Debug;
		};
		695886C724C7DB2F005D517B /* Release */ = {
			isa = XCBuildConfiguration;
			buildSettings = {
				ASSETCATALOG_COMPILER_APPICON_NAME = AppIcon;
				CODE_SIGN_STYLE = Automatic;
				INFOPLIST_FILE = tip/Info.plist;
				LD_RUNPATH_SEARCH_PATHS = (
					"$(inherited)",
					"@executable_path/Frameworks",
				);
				PRODUCT_BUNDLE_IDENTIFIER = Codepath.tip;
				PRODUCT_NAME = "$(TARGET_NAME)";
				SWIFT_VERSION = 5.0;
				TARGETED_DEVICE_FAMILY = "1,2";
			};
			name = Release;
		};
		695886C924C7DB2F005D517B /* Debug */ = {
			isa = XCBuildConfiguration;
			buildSettings = {
				ALWAYS_EMBED_SWIFT_STANDARD_LIBRARIES = YES;
				BUNDLE_LOADER = "$(TEST_HOST)";
				CODE_SIGN_STYLE = Automatic;
				INFOPLIST_FILE = tipTests/Info.plist;
				IPHONEOS_DEPLOYMENT_TARGET = 13.6;
				LD_RUNPATH_SEARCH_PATHS = (
					"$(inherited)",
					"@executable_path/Frameworks",
					"@loader_path/Frameworks",
				);
				PRODUCT_BUNDLE_IDENTIFIER = Codepath.tipTests;
				PRODUCT_NAME = "$(TARGET_NAME)";
				SWIFT_VERSION = 5.0;
				TARGETED_DEVICE_FAMILY = "1,2";
				TEST_HOST = "$(BUILT_PRODUCTS_DIR)/tip.app/tip";
			};
			name = Debug;
		};
		695886CA24C7DB2F005D517B /* Release */ = {
			isa = XCBuildConfiguration;
			buildSettings = {
				ALWAYS_EMBED_SWIFT_STANDARD_LIBRARIES = YES;
				BUNDLE_LOADER = "$(TEST_HOST)";
				CODE_SIGN_STYLE = Automatic;
				INFOPLIST_FILE = tipTests/Info.plist;
				IPHONEOS_DEPLOYMENT_TARGET = 13.6;
				LD_RUNPATH_SEARCH_PATHS = (
					"$(inherited)",
					"@executable_path/Frameworks",
					"@loader_path/Frameworks",
				);
				PRODUCT_BUNDLE_IDENTIFIER = Codepath.tipTests;
				PRODUCT_NAME = "$(TARGET_NAME)";
				SWIFT_VERSION = 5.0;
				TARGETED_DEVICE_FAMILY = "1,2";
				TEST_HOST = "$(BUILT_PRODUCTS_DIR)/tip.app/tip";
			};
			name = Release;
		};
		695886CC24C7DB2F005D517B /* Debug */ = {
			isa = XCBuildConfiguration;
			buildSettings = {
				ALWAYS_EMBED_SWIFT_STANDARD_LIBRARIES = YES;
				CODE_SIGN_STYLE = Automatic;
				INFOPLIST_FILE = tipUITests/Info.plist;
				LD_RUNPATH_SEARCH_PATHS = (
					"$(inherited)",
					"@executable_path/Frameworks",
					"@loader_path/Frameworks",
				);
				PRODUCT_BUNDLE_IDENTIFIER = Codepath.tipUITests;
				PRODUCT_NAME = "$(TARGET_NAME)";
				SWIFT_VERSION = 5.0;
				TARGETED_DEVICE_FAMILY = "1,2";
				TEST_TARGET_NAME = tip;
			};
			name = Debug;
		};
		695886CD24C7DB2F005D517B /* Release */ = {
			isa = XCBuildConfiguration;
			buildSettings = {
				ALWAYS_EMBED_SWIFT_STANDARD_LIBRARIES = YES;
				CODE_SIGN_STYLE = Automatic;
				INFOPLIST_FILE = tipUITests/Info.plist;
				LD_RUNPATH_SEARCH_PATHS = (
					"$(inherited)",
					"@executable_path/Frameworks",
					"@loader_path/Frameworks",
				);
				PRODUCT_BUNDLE_IDENTIFIER = Codepath.tipUITests;
				PRODUCT_NAME = "$(TARGET_NAME)";
				SWIFT_VERSION = 5.0;
				TARGETED_DEVICE_FAMILY = "1,2";
				TEST_TARGET_NAME = tip;
			};
			name = Release;
		};
/* End XCBuildConfiguration section */

/* Begin XCConfigurationList section */
		6958869624C7DB2E005D517B /* Build configuration list for PBXProject "tip" */ = {
			isa = XCConfigurationList;
			buildConfigurations = (
				695886C324C7DB2F005D517B /* Debug */,
				695886C424C7DB2F005D517B /* Release */,
			);
			defaultConfigurationIsVisible = 0;
			defaultConfigurationName = Release;
		};
		695886C524C7DB2F005D517B /* Build configuration list for PBXNativeTarget "tip" */ = {
			isa = XCConfigurationList;
			buildConfigurations = (
				695886C624C7DB2F005D517B /* Debug */,
				695886C724C7DB2F005D517B /* Release */,
			);
			defaultConfigurationIsVisible = 0;
			defaultConfigurationName = Release;
		};
		695886C824C7DB2F005D517B /* Build configuration list for PBXNativeTarget "tipTests" */ = {
			isa = XCConfigurationList;
			buildConfigurations = (
				695886C924C7DB2F005D517B /* Debug */,
				695886CA24C7DB2F005D517B /* Release */,
			);
			defaultConfigurationIsVisible = 0;
			defaultConfigurationName = Release;
		};
		695886CB24C7DB2F005D517B /* Build configuration list for PBXNativeTarget "tipUITests" */ = {
			isa = XCConfigurationList;
			buildConfigurations = (
				695886CC24C7DB2F005D517B /* Debug */,
				695886CD24C7DB2F005D517B /* Release */,
			);
			defaultConfigurationIsVisible = 0;
			defaultConfigurationName = Release;
		};
/* End XCConfigurationList section */
	};
	rootObject = 6958869324C7DB2E005D517B /* Project object */;
}
